
Microsoft Visual Studio Solution File, Format Version 12.00
# Visual Studio Version 16
VisualStudioVersion = 16.0.30711.63
MinimumVisualStudioVersion = 10.0.40219.1
Project("{FAE04EC0-301F-11D3-BF4B-00C04F79EFBC}") = "CompanyEmployeesAPI", "CompanyEmployeesAPI\CompanyEmployeesAPI.csproj", "{ABCF9D68-0AB4-4518-87FA-C0A1CC827770}"
EndProject
Project("{FAE04EC0-301F-11D3-BF4B-00C04F79EFBC}") = "Contracts", "Contracts\Contracts.csproj", "{4AAB4C0B-4315-494E-A9F9-7F071FD34E07}"
EndProject
Project("{FAE04EC0-301F-11D3-BF4B-00C04F79EFBC}") = "LoggerService", "LoggerService\LoggerService.csproj", "{D5088860-7834-4B58-9265-B39E2EEBF279}"
EndProject
Project("{FAE04EC0-301F-11D3-BF4B-00C04F79EFBC}") = "Entities", "Entities\Entities.csproj", "{2E0EA879-0DCA-4506-BB78-66F3B82C6DFA}"
EndProject
Global
	GlobalSection(SolutionConfigurationPlatforms) = preSolution
		Debug|Any CPU = Debug|Any CPU
		Release|Any CPU = Release|Any CPU
	EndGlobalSection
	GlobalSection(ProjectConfigurationPlatforms) = postSolution
		{ABCF9D68-0AB4-4518-87FA-C0A1CC827770}.Debug|Any CPU.ActiveCfg = Debug|Any CPU
		{ABCF9D68-0AB4-4518-87FA-C0A1CC827770}.Debug|Any CPU.Build.0 = Debug|Any CPU
		{ABCF9D68-0AB4-4518-87FA-C0A1CC827770}.Release|Any CPU.ActiveCfg = Release|Any CPU
		{ABCF9D68-0AB4-4518-87FA-C0A1CC827770}.Release|Any CPU.Build.0 = Release|Any CPU
		{4AAB4C0B-4315-494E-A9F9-7F071FD34E07}.Debug|Any CPU.ActiveCfg = Debug|Any CPU
		{4AAB4C0B-4315-494E-A9F9-7F071FD34E07}.Debug|Any CPU.Build.0 = Debug|Any CPU
		{4AAB4C0B-4315-494E-A9F9-7F071FD34E07}.Release|Any CPU.ActiveCfg = Release|Any CPU
		{4AAB4C0B-4315-494E-A9F9-7F071FD34E07}.Release|Any CPU.Build.0 = Release|Any CPU
		{D5088860-7834-4B58-9265-B39E2EEBF279}.Debug|Any CPU.ActiveCfg = Debug|Any CPU
		{D5088860-7834-4B58-9265-B39E2EEBF279}.Debug|Any CPU.Build.0 = Debug|Any CPU
		{D5088860-7834-4B58-9265-B39E2EEBF279}.Release|Any CPU.ActiveCfg = Release|Any CPU
		{D5088860-7834-4B58-9265-B39E2EEBF279}.Release|Any CPU.Build.0 = Release|Any CPU
		{2E0EA879-0DCA-4506-BB78-66F3B82C6DFA}.Debug|Any CPU.ActiveCfg = Debug|Any CPU
		{2E0EA879-0DCA-4506-BB78-66F3B82C6DFA}.Debug|Any CPU.Build.0 = Debug|Any CPU
		{2E0EA879-0DCA-4506-BB78-66F3B82C6DFA}.Release|Any CPU.ActiveCfg = Release|Any CPU
		{2E0EA879-0DCA-4506-BB78-66F3B82C6DFA}.Release|Any CPU.Build.0 = Release|Any CPU
	EndGlobalSection
	GlobalSection(SolutionProperties) = preSolution
		HideSolutionNode = FALSE
	EndGlobalSection
	GlobalSection(ExtensibilityGlobals) = postSolution
		SolutionGuid = {C262B8F3-A7F3-4BFA-A119-7DFEC54D581E}
	EndGlobalSection
EndGlobal
